{
    "_meta": {
        "hash": {
            "sha256": "cb5066029b84b87da2c9f24abee557df65101d6f45b1343a034bf31e045045cf"
        },
        "pipfile-spec": 6,
        "requires": {
            "python_version": "3.8"
        },
        "sources": [
            {
                "name": "pypi",
                "url": "https://pypi.org/simple",
                "verify_ssl": true
            }
        ]
    },
    "default": {
        "protobuf": {
            "hashes": [
                "sha256:03666634d038e35d90155756914bc3a6316e8bcc0d300f3ee539e586889436b9",
                "sha256:049d5900e442d4cc0fd2afd146786b429151e2b29adebed28e6376026ab0ee0b",
                "sha256:0eb9e62a48cc818b1719b5035042310c7e4f57b01f5283b32998c68c2f1c6a7c",
                "sha256:255d10c2c9059964f6ebb5c900a830fc8a089731dda94a5cc873f673193d208b",
                "sha256:358cc59e4e02a15d3725f204f2eb5777fc10595e2d9a9c4c8d82292f49af6d41",
                "sha256:41f1b737d5f97f1e2af23d16fac6c0b8572f9c7ea73054f1258ca57f4f97cb80",
                "sha256:6a5129576a2cf925cd100e06ead5f9ae4c86db70a854fb91cedb8d680112734a",
                "sha256:80722b0d56dcb7ca8f75f99d8dadd7c7efd0d2265714d68f871ed437c32d82b3",
                "sha256:88a960e949ec356f7016d84f8262dcff2b842fca5355b4c1be759f5c103b19b3",
                "sha256:97872686223f47d95e914881cb0ca46e1bc622562600043da9edddcb54f2fe1e",
                "sha256:a1df9d22433ab44b7c7e0bd33817134832ae8a8f3d93d9b9719fc032c5b20e96",
                "sha256:ad385fbb9754023d17be14dd5aa67efff07f43c5df7f93118aef3c20e635ea19",
                "sha256:b2d5ee7ba5c03b735c02e6ae75fd4ff8c831133e7ca078f2963408dc7beac428",
                "sha256:c8c07cd8635d45b28ec53ee695e5ac8b0f9d9a4ae488a8d8ee168fe8fc75ba43",
                "sha256:d44ebc9838b183e8237e7507885d52e8d08c48fdc953fd4a7ee3e56cb9d20977",
                "sha256:dff97b0ee9256f0afdfc9eaa430736cdcdc18899d9a666658f161afd137cf93d",
                "sha256:e47d248d614c68e4b029442de212bdd4f6ae02ae36821de319ae90314ea2578c",
                "sha256:e650b521b429fed3d525428b1401a40051097a5a92c30076c91f36b31717e087"
            ],
            "index": "pypi",
            "version": "==3.7.0"
        },
        "six": {
            "hashes": [
                "sha256:3350809f0555b11f552448330d0b52d5f24c91a322ea4a15ef22629740f3761c",
                "sha256:d16a0141ec1a18405cd4ce8b4613101da75da0e9a7aec5bdd4fa804d0e0eba73"
            ],
            "index": "pypi",
            "version": "==1.12.0"
        },
        "uuid": {
            "hashes": [
                "sha256:1f87cc004ac5120466f36c5beae48b4c48cc411968eed0eaecd3da82aa96193f"
            ],
            "index": "pypi",
            "version": "==1.30"
        }
    },
    "develop": {
        "pitayaserver": {
            "editable": true,
            "path": "/Users/felipe.cavalcante/dev/libpitaya-cluster/python-lib"
        },
        "protobuf": {
            "hashes": [
                "sha256:03666634d038e35d90155756914bc3a6316e8bcc0d300f3ee539e586889436b9",
                "sha256:049d5900e442d4cc0fd2afd146786b429151e2b29adebed28e6376026ab0ee0b",
                "sha256:0eb9e62a48cc818b1719b5035042310c7e4f57b01f5283b32998c68c2f1c6a7c",
                "sha256:255d10c2c9059964f6ebb5c900a830fc8a089731dda94a5cc873f673193d208b",
                "sha256:358cc59e4e02a15d3725f204f2eb5777fc10595e2d9a9c4c8d82292f49af6d41",
                "sha256:41f1b737d5f97f1e2af23d16fac6c0b8572f9c7ea73054f1258ca57f4f97cb80",
                "sha256:6a5129576a2cf925cd100e06ead5f9ae4c86db70a854fb91cedb8d680112734a",
                "sha256:80722b0d56dcb7ca8f75f99d8dadd7c7efd0d2265714d68f871ed437c32d82b3",
                "sha256:88a960e949ec356f7016d84f8262dcff2b842fca5355b4c1be759f5c103b19b3",
                "sha256:97872686223f47d95e914881cb0ca46e1bc622562600043da9edddcb54f2fe1e",
                "sha256:a1df9d22433ab44b7c7e0bd33817134832ae8a8f3d93d9b9719fc032c5b20e96",
                "sha256:ad385fbb9754023d17be14dd5aa67efff07f43c5df7f93118aef3c20e635ea19",
                "sha256:b2d5ee7ba5c03b735c02e6ae75fd4ff8c831133e7ca078f2963408dc7beac428",
                "sha256:c8c07cd8635d45b28ec53ee695e5ac8b0f9d9a4ae488a8d8ee168fe8fc75ba43",
                "sha256:d44ebc9838b183e8237e7507885d52e8d08c48fdc953fd4a7ee3e56cb9d20977",
                "sha256:dff97b0ee9256f0afdfc9eaa430736cdcdc18899d9a666658f161afd137cf93d",
                "sha256:e47d248d614c68e4b029442de212bdd4f6ae02ae36821de319ae90314ea2578c",
                "sha256:e650b521b429fed3d525428b1401a40051097a5a92c30076c91f36b31717e087"
            ],
            "index": "pypi",
            "version": "==3.7.0"
        },
        "six": {
            "hashes": [
                "sha256:3350809f0555b11f552448330d0b52d5f24c91a322ea4a15ef22629740f3761c",
                "sha256:d16a0141ec1a18405cd4ce8b4613101da75da0e9a7aec5bdd4fa804d0e0eba73"
            ],
            "index": "pypi",
            "version": "==1.12.0"
        },
        "uuid": {
            "hashes": [
                "sha256:1f87cc004ac5120466f36c5beae48b4c48cc411968eed0eaecd3da82aa96193f"
            ],
            "index": "pypi",
            "version": "==1.30"
        }
    }
}
