
Microsoft Visual Studio Solution File, Format Version 12.00
# Visual Studio 2012
Project("{FAE04EC0-301F-11D3-BF4B-00C04F79EFBC}") = "cluster-lib", "cluster-lib\cluster-lib.csproj", "{5C59D55E-F293-48C3-B95E-758F7EF403C4}"
EndProject
Global
	GlobalSection(SolutionConfigurationPlatforms) = preSolution
		Debug|Any CPU = Debug|Any CPU
		Release|Any CPU = Release|Any CPU
	EndGlobalSection
	GlobalSection(ProjectConfigurationPlatforms) = postSolution
		{5C59D55E-F293-48C3-B95E-758F7EF403C4}.Debug|Any CPU.ActiveCfg = Debug|Any CPU
		{5C59D55E-F293-48C3-B95E-758F7EF403C4}.Debug|Any CPU.Build.0 = Debug|Any CPU
		{5C59D55E-F293-48C3-B95E-758F7EF403C4}.Release|Any CPU.ActiveCfg = Release|Any CPU
		{5C59D55E-F293-48C3-B95E-758F7EF403C4}.Release|Any CPU.Build.0 = Release|Any CPU
	EndGlobalSection
	GlobalSection(MonoDevelopProperties) = preSolution
		Policies = $0
		$0.DotNetNamingPolicy = $1
		$1.DirectoryNamespaceAssociation = PrefixedHierarchical
		$0.TextStylePolicy = $2
		$2.inheritsSet = null
		$2.scope = text/x-csharp
		$0.CSharpFormattingPolicy = $3
		$3.scope = text/x-csharp
		$0.TextStylePolicy = $4
		$4.FileWidth = 80
		$4.TabsToSpaces = True
		$4.scope = text/plain
		$0.TextStylePolicy = $5
		$5.inheritsSet = null
		$5.scope = application/config+xml
		$0.XmlFormattingPolicy = $6
		$6.inheritsSet = null
		$6.scope = application/config+xml
		$0.TextStylePolicy = $7
		$7.inheritsSet = null
		$7.scope = application/xml
		$0.XmlFormattingPolicy = $8
		$8.scope = application/xml
		$0.StandardHeader = $9
	EndGlobalSection
EndGlobal
