
Microsoft Visual Studio Solution File, Format Version 12.00
# Visual Studio 2012
Project("{FAE04EC0-301F-11D3-BF4B-00C04F79EFBC}") = "Assembly-CSharp", "Assembly-CSharp.csproj", "{F547DE26-46CB-BA1F-5516-9D928C9C7B70}"
EndProject
Global
	GlobalSection(SolutionConfigurationPlatforms) = preSolution
		Debug|Any CPU = Debug|Any CPU
		Release|Any CPU = Release|Any CPU
	EndGlobalSection
	GlobalSection(ProjectConfigurationPlatforms) = postSolution
		{F547DE26-46CB-BA1F-5516-9D928C9C7B70}.Debug|Any CPU.ActiveCfg = Debug|Any CPU
		{F547DE26-46CB-BA1F-5516-9D928C9C7B70}.Debug|Any CPU.Build.0 = Debug|Any CPU
		{F547DE26-46CB-BA1F-5516-9D928C9C7B70}.Release|Any CPU.ActiveCfg = Release|Any CPU
		{F547DE26-46CB-BA1F-5516-9D928C9C7B70}.Release|Any CPU.Build.0 = Release|Any CPU
	EndGlobalSection
EndGlobal
